
Microsoft Visual Studio Solution File, Format Version 12.00
# Visual Studio Version 17
VisualStudioVersion = 17.1.32328.378
MinimumVisualStudioVersion = 10.0.40219.1
Project("{FAE04EC0-301F-11D3-BF4B-00C04F79EFBC}") = "Viktorina26042022", "Viktorina26042022\Viktorina26042022.csproj", "{84867629-40B7-42F2-AEDF-9765E84FE039}"
EndProject
Global
	GlobalSection(SolutionConfigurationPlatforms) = preSolution
		Debug|Any CPU = Debug|Any CPU
		Release|Any CPU = Release|Any CPU
	EndGlobalSection
	GlobalSection(ProjectConfigurationPlatforms) = postSolution
		{84867629-40B7-42F2-AEDF-9765E84FE039}.Debug|Any CPU.ActiveCfg = Debug|Any CPU
		{84867629-40B7-42F2-AEDF-9765E84FE039}.Debug|Any CPU.Build.0 = Debug|Any CPU
		{84867629-40B7-42F2-AEDF-9765E84FE039}.Release|Any CPU.ActiveCfg = Release|Any CPU
		{84867629-40B7-42F2-AEDF-9765E84FE039}.Release|Any CPU.Build.0 = Release|Any CPU
	EndGlobalSection
	GlobalSection(SolutionProperties) = preSolution
		HideSolutionNode = FALSE
	EndGlobalSection
	GlobalSection(ExtensibilityGlobals) = postSolution
		SolutionGuid = {DE7E8425-81D3-4AC5-AC16-ED76E0A544F5}
	EndGlobalSection
EndGlobal
